
Microsoft Visual Studio Solution File, Format Version 12.00
# Visual Studio Version 17
VisualStudioVersion = 17.3.32922.545
MinimumVisualStudioVersion = 10.0.40219.1
Project("{FAE04EC0-301F-11D3-BF4B-00C04F79EFBC}") = "Bookfiy_WepApp", "Bookfiy_WepApp\Bookfiy_WepApp.csproj", "{96D5A825-0E52-42BE-A2B3-33E147ABB7C8}"
EndProject
Global
	GlobalSection(SolutionConfigurationPlatforms) = preSolution
		Debug|Any CPU = Debug|Any CPU
		Release|Any CPU = Release|Any CPU
	EndGlobalSection
	GlobalSection(ProjectConfigurationPlatforms) = postSolution
		{96D5A825-0E52-42BE-A2B3-33E147ABB7C8}.Debug|Any CPU.ActiveCfg = Debug|Any CPU
		{96D5A825-0E52-42BE-A2B3-33E147ABB7C8}.Debug|Any CPU.Build.0 = Debug|Any CPU
		{96D5A825-0E52-42BE-A2B3-33E147ABB7C8}.Release|Any CPU.ActiveCfg = Release|Any CPU
		{96D5A825-0E52-42BE-A2B3-33E147ABB7C8}.Release|Any CPU.Build.0 = Release|Any CPU
	EndGlobalSection
	GlobalSection(SolutionProperties) = preSolution
		HideSolutionNode = FALSE
	EndGlobalSection
	GlobalSection(ExtensibilityGlobals) = postSolution
		SolutionGuid = {421DDB5C-A2C0-4E09-A65A-E9D076ED8702}
	EndGlobalSection
EndGlobal
